// !$*UTF8*$!
{
	archiveVersion = 1;
	classes = {
	};
	objectVersion = 55;
	objects = {

/* Begin PBXBuildFile section */
		178E5B7A0FCC59DAA78A3964 /* Pods_YourVocabulary.framework in Frameworks */ = {isa = PBXBuildFile; fileRef = CD156AE6866546D1D1703D37 /* Pods_YourVocabulary.framework */; };
		6B0B691F285D785900AC8EAE /* AppConstant.swift in Sources */ = {isa = PBXBuildFile; fileRef = 6B0B691E285D785900AC8EAE /* AppConstant.swift */; };
		6B0B6923285D78C400AC8EAE /* SubjectViewController.swift in Sources */ = {isa = PBXBuildFile; fileRef = 6B0B6922285D78C400AC8EAE /* SubjectViewController.swift */; };
		6B0B6925285D78D800AC8EAE /* SettingViewController.swift in Sources */ = {isa = PBXBuildFile; fileRef = 6B0B6924285D78D800AC8EAE /* SettingViewController.swift */; };
		6B0B6928285D791400AC8EAE /* UIView.swift in Sources */ = {isa = PBXBuildFile; fileRef = 6B0B6927285D791400AC8EAE /* UIView.swift */; };
		6B0B692A285D792100AC8EAE /* UIColor.swift in Sources */ = {isa = PBXBuildFile; fileRef = 6B0B6929285D792100AC8EAE /* UIColor.swift */; };
		6B0B692C285D795E00AC8EAE /* SubjectListView.swift in Sources */ = {isa = PBXBuildFile; fileRef = 6B0B692B285D795E00AC8EAE /* SubjectListView.swift */; };
		6B0B692E285D797400AC8EAE /* SubjectCell.swift in Sources */ = {isa = PBXBuildFile; fileRef = 6B0B692D285D797400AC8EAE /* SubjectCell.swift */; };
		6B0B6930285D798D00AC8EAE /* SubjectModel.swift in Sources */ = {isa = PBXBuildFile; fileRef = 6B0B692F285D798D00AC8EAE /* SubjectModel.swift */; };
		6B0B6932285D7B2100AC8EAE /* MainViewController.swift in Sources */ = {isa = PBXBuildFile; fileRef = 6B0B6931285D7B2100AC8EAE /* MainViewController.swift */; };
		6B336D66285E9B17009A0C72 /* GoogleService-Info.plist in Resources */ = {isa = PBXBuildFile; fileRef = 6B336D65285E9B17009A0C72 /* GoogleService-Info.plist */; };
		6B336D69285E9EA6009A0C72 /* LoginViewController.swift in Sources */ = {isa = PBXBuildFile; fileRef = 6B336D68285E9EA6009A0C72 /* LoginViewController.swift */; };
		6B336D6B285E9EB2009A0C72 /* SignupViewController.swift in Sources */ = {isa = PBXBuildFile; fileRef = 6B336D6A285E9EB2009A0C72 /* SignupViewController.swift */; };
		6B344DEA2869370300619156 /* LoadingViewController.swift in Sources */ = {isa = PBXBuildFile; fileRef = 6B344DE92869370300619156 /* LoadingViewController.swift */; };
		6B8958A3286297800051EBA5 /* SubjectAddViewController.swift in Sources */ = {isa = PBXBuildFile; fileRef = 6B8958A2286297800051EBA5 /* SubjectAddViewController.swift */; };
		6B8D02C7285FFA52005DA577 /* UIGenerater.swift in Sources */ = {isa = PBXBuildFile; fileRef = 6B8D02C6285FFA52005DA577 /* UIGenerater.swift */; };
		6B8D02CA28603ACE005DA577 /* AuthService.swift in Sources */ = {isa = PBXBuildFile; fileRef = 6B8D02C928603ACE005DA577 /* AuthService.swift */; };
		6B8D02CE2860762C005DA577 /* UserModel.swift in Sources */ = {isa = PBXBuildFile; fileRef = 6B8D02CD2860762C005DA577 /* UserModel.swift */; };
		6B8D02D428607B60005DA577 /* UserService.swift in Sources */ = {isa = PBXBuildFile; fileRef = 6B8D02D328607B60005DA577 /* UserService.swift */; };
		6B8D02D628607BCC005DA577 /* DBRef.swift in Sources */ = {isa = PBXBuildFile; fileRef = 6B8D02D528607BCC005DA577 /* DBRef.swift */; };
		6B8D02D828607E7E005DA577 /* Convertable.swift in Sources */ = {isa = PBXBuildFile; fileRef = 6B8D02D728607E7E005DA577 /* Convertable.swift */; };
		6BC06FF928669CD100CD89F7 /* SubjecTextView.swift in Sources */ = {isa = PBXBuildFile; fileRef = 6BC06FF828669CD100CD89F7 /* SubjecTextView.swift */; };
		6BC06FFB2866AB7900CD89F7 /* VocabularyCell.swift in Sources */ = {isa = PBXBuildFile; fileRef = 6BC06FFA2866AB7900CD89F7 /* VocabularyCell.swift */; };
		6BC06FFF2866AEC300CD89F7 /* VocabularyModel.swift in Sources */ = {isa = PBXBuildFile; fileRef = 6BC06FFE2866AEC300CD89F7 /* VocabularyModel.swift */; };
		6BD6D4352841A7670006A92C /* AppDelegate.swift in Sources */ = {isa = PBXBuildFile; fileRef = 6BD6D4342841A7670006A92C /* AppDelegate.swift */; };
		6BD6D4372841A7670006A92C /* SceneDelegate.swift in Sources */ = {isa = PBXBuildFile; fileRef = 6BD6D4362841A7670006A92C /* SceneDelegate.swift */; };
		6BD6D4392841A7670006A92C /* MainTabViewController.swift in Sources */ = {isa = PBXBuildFile; fileRef = 6BD6D4382841A7670006A92C /* MainTabViewController.swift */; };
		6BD6D43C2841A7670006A92C /* Main.storyboard in Resources */ = {isa = PBXBuildFile; fileRef = 6BD6D43A2841A7670006A92C /* Main.storyboard */; };
		6BD6D43F2841A7670006A92C /* YourVocabulary.xcdatamodeld in Sources */ = {isa = PBXBuildFile; fileRef = 6BD6D43D2841A7670006A92C /* YourVocabulary.xcdatamodeld */; };
		6BD6D4412841A7670006A92C /* Assets.xcassets in Resources */ = {isa = PBXBuildFile; fileRef = 6BD6D4402841A7670006A92C /* Assets.xcassets */; };
		6BD6D4442841A7670006A92C /* LaunchScreen.storyboard in Resources */ = {isa = PBXBuildFile; fileRef = 6BD6D4422841A7670006A92C /* LaunchScreen.storyboard */; };
		EAC70547286D35400068CAB1 /* UITextField.swift in Sources */ = {isa = PBXBuildFile; fileRef = EAC70546286D35400068CAB1 /* UITextField.swift */; };
/* End PBXBuildFile section */

/* Begin PBXFileReference section */
		1AB177274AE2A98B630E3486 /* Pods-YourVocabulary.debug.xcconfig */ = {isa = PBXFileReference; includeInIndex = 1; lastKnownFileType = text.xcconfig; name = "Pods-YourVocabulary.debug.xcconfig"; path = "Target Support Files/Pods-YourVocabulary/Pods-YourVocabulary.debug.xcconfig"; sourceTree = "<group>"; };
		6B0B691E285D785900AC8EAE /* AppConstant.swift */ = {isa = PBXFileReference; lastKnownFileType = sourcecode.swift; path = AppConstant.swift; sourceTree = "<group>"; };
		6B0B6922285D78C400AC8EAE /* SubjectViewController.swift */ = {isa = PBXFileReference; lastKnownFileType = sourcecode.swift; path = SubjectViewController.swift; sourceTree = "<group>"; };
		6B0B6924285D78D800AC8EAE /* SettingViewController.swift */ = {isa = PBXFileReference; lastKnownFileType = sourcecode.swift; path = SettingViewController.swift; sourceTree = "<group>"; };
		6B0B6927285D791400AC8EAE /* UIView.swift */ = {isa = PBXFileReference; lastKnownFileType = sourcecode.swift; path = UIView.swift; sourceTree = "<group>"; };
		6B0B6929285D792100AC8EAE /* UIColor.swift */ = {isa = PBXFileReference; lastKnownFileType = sourcecode.swift; path = UIColor.swift; sourceTree = "<group>"; };
		6B0B692B285D795E00AC8EAE /* SubjectListView.swift */ = {isa = PBXFileReference; lastKnownFileType = sourcecode.swift; path = SubjectListView.swift; sourceTree = "<group>"; };
		6B0B692D285D797400AC8EAE /* SubjectCell.swift */ = {isa = PBXFileReference; lastKnownFileType = sourcecode.swift; path = SubjectCell.swift; sourceTree = "<group>"; };
		6B0B692F285D798D00AC8EAE /* SubjectModel.swift */ = {isa = PBXFileReference; lastKnownFileType = sourcecode.swift; path = SubjectModel.swift; sourceTree = "<group>"; };
		6B0B6931285D7B2100AC8EAE /* MainViewController.swift */ = {isa = PBXFileReference; lastKnownFileType = sourcecode.swift; path = MainViewController.swift; sourceTree = "<group>"; };
		6B336D65285E9B17009A0C72 /* GoogleService-Info.plist */ = {isa = PBXFileReference; fileEncoding = 4; lastKnownFileType = text.plist.xml; path = "GoogleService-Info.plist"; sourceTree = "<group>"; };
		6B336D68285E9EA6009A0C72 /* LoginViewController.swift */ = {isa = PBXFileReference; lastKnownFileType = sourcecode.swift; path = LoginViewController.swift; sourceTree = "<group>"; };
		6B336D6A285E9EB2009A0C72 /* SignupViewController.swift */ = {isa = PBXFileReference; lastKnownFileType = sourcecode.swift; path = SignupViewController.swift; sourceTree = "<group>"; };
		6B344DE92869370300619156 /* LoadingViewController.swift */ = {isa = PBXFileReference; lastKnownFileType = sourcecode.swift; path = LoadingViewController.swift; sourceTree = "<group>"; };
		6B8958A2286297800051EBA5 /* SubjectAddViewController.swift */ = {isa = PBXFileReference; lastKnownFileType = sourcecode.swift; path = SubjectAddViewController.swift; sourceTree = "<group>"; };
		6B8D02C6285FFA52005DA577 /* UIGenerater.swift */ = {isa = PBXFileReference; lastKnownFileType = sourcecode.swift; path = UIGenerater.swift; sourceTree = "<group>"; };
		6B8D02C928603ACE005DA577 /* AuthService.swift */ = {isa = PBXFileReference; lastKnownFileType = sourcecode.swift; path = AuthService.swift; sourceTree = "<group>"; };
		6B8D02CD2860762C005DA577 /* UserModel.swift */ = {isa = PBXFileReference; lastKnownFileType = sourcecode.swift; path = UserModel.swift; sourceTree = "<group>"; };
		6B8D02D328607B60005DA577 /* UserService.swift */ = {isa = PBXFileReference; lastKnownFileType = sourcecode.swift; path = UserService.swift; sourceTree = "<group>"; };
		6B8D02D528607BCC005DA577 /* DBRef.swift */ = {isa = PBXFileReference; lastKnownFileType = sourcecode.swift; path = DBRef.swift; sourceTree = "<group>"; };
		6B8D02D728607E7E005DA577 /* Convertable.swift */ = {isa = PBXFileReference; lastKnownFileType = sourcecode.swift; path = Convertable.swift; sourceTree = "<group>"; };
		6BC06FF828669CD100CD89F7 /* SubjecTextView.swift */ = {isa = PBXFileReference; lastKnownFileType = sourcecode.swift; path = SubjecTextView.swift; sourceTree = "<group>"; };
		6BC06FFA2866AB7900CD89F7 /* VocabularyCell.swift */ = {isa = PBXFileReference; lastKnownFileType = sourcecode.swift; path = VocabularyCell.swift; sourceTree = "<group>"; };
		6BC06FFE2866AEC300CD89F7 /* VocabularyModel.swift */ = {isa = PBXFileReference; lastKnownFileType = sourcecode.swift; path = VocabularyModel.swift; sourceTree = "<group>"; };
		6BD6D4312841A7670006A92C /* YourVocabulary.app */ = {isa = PBXFileReference; explicitFileType = wrapper.application; includeInIndex = 0; path = YourVocabulary.app; sourceTree = BUILT_PRODUCTS_DIR; };
		6BD6D4342841A7670006A92C /* AppDelegate.swift */ = {isa = PBXFileReference; lastKnownFileType = sourcecode.swift; path = AppDelegate.swift; sourceTree = "<group>"; };
		6BD6D4362841A7670006A92C /* SceneDelegate.swift */ = {isa = PBXFileReference; lastKnownFileType = sourcecode.swift; path = SceneDelegate.swift; sourceTree = "<group>"; };
		6BD6D4382841A7670006A92C /* MainTabViewController.swift */ = {isa = PBXFileReference; lastKnownFileType = sourcecode.swift; path = MainTabViewController.swift; sourceTree = "<group>"; };
		6BD6D43B2841A7670006A92C /* Base */ = {isa = PBXFileReference; lastKnownFileType = file.storyboard; name = Base; path = Base.lproj/Main.storyboard; sourceTree = "<group>"; };
		6BD6D43E2841A7670006A92C /* YourVocabulary.xcdatamodel */ = {isa = PBXFileReference; lastKnownFileType = wrapper.xcdatamodel; path = YourVocabulary.xcdatamodel; sourceTree = "<group>"; };
		6BD6D4402841A7670006A92C /* Assets.xcassets */ = {isa = PBXFileReference; lastKnownFileType = folder.assetcatalog; path = Assets.xcassets; sourceTree = "<group>"; };
		6BD6D4432841A7670006A92C /* Base */ = {isa = PBXFileReference; lastKnownFileType = file.storyboard; name = Base; path = Base.lproj/LaunchScreen.storyboard; sourceTree = "<group>"; };
		6BD6D4452841A7670006A92C /* Info.plist */ = {isa = PBXFileReference; lastKnownFileType = text.plist.xml; path = Info.plist; sourceTree = "<group>"; };
		C368ED2EB81A717144311A3D /* Pods-YourVocabulary.release.xcconfig */ = {isa = PBXFileReference; includeInIndex = 1; lastKnownFileType = text.xcconfig; name = "Pods-YourVocabulary.release.xcconfig"; path = "Target Support Files/Pods-YourVocabulary/Pods-YourVocabulary.release.xcconfig"; sourceTree = "<group>"; };
		CD156AE6866546D1D1703D37 /* Pods_YourVocabulary.framework */ = {isa = PBXFileReference; explicitFileType = wrapper.framework; includeInIndex = 0; path = Pods_YourVocabulary.framework; sourceTree = BUILT_PRODUCTS_DIR; };
		EAC70546286D35400068CAB1 /* UITextField.swift */ = {isa = PBXFileReference; lastKnownFileType = sourcecode.swift; path = UITextField.swift; sourceTree = "<group>"; };
/* End PBXFileReference section */

/* Begin PBXFrameworksBuildPhase section */
		6BD6D42E2841A7670006A92C /* Frameworks */ = {
			isa = PBXFrameworksBuildPhase;
			buildActionMask = 2147483647;
			files = (
				178E5B7A0FCC59DAA78A3964 /* Pods_YourVocabulary.framework in Frameworks */,
			);
			runOnlyForDeploymentPostprocessing = 0;
		};
/* End PBXFrameworksBuildPhase section */

/* Begin PBXGroup section */
		2B393F14A24541796D2AEC5F /* Frameworks */ = {
			isa = PBXGroup;
			children = (
				CD156AE6866546D1D1703D37 /* Pods_YourVocabulary.framework */,
			);
			name = Frameworks;
			sourceTree = "<group>";
		};
		6B0B6920285D788500AC8EAE /* Subject */ = {
			isa = PBXGroup;
			children = (
				6B0B6922285D78C400AC8EAE /* SubjectViewController.swift */,
				6B8958A2286297800051EBA5 /* SubjectAddViewController.swift */,
			);
			path = Subject;
			sourceTree = "<group>";
		};
		6B0B6921285D789700AC8EAE /* Setting */ = {
			isa = PBXGroup;
			children = (
				6B0B6924285D78D800AC8EAE /* SettingViewController.swift */,
			);
			path = Setting;
			sourceTree = "<group>";
		};
		6B0B6926285D78F500AC8EAE /* Extensions */ = {
			isa = PBXGroup;
			children = (
				6B0B6927285D791400AC8EAE /* UIView.swift */,
				6B0B6929285D792100AC8EAE /* UIColor.swift */,
				EAC70546286D35400068CAB1 /* UITextField.swift */,
			);
			path = Extensions;
			sourceTree = "<group>";
		};
		6B336D67285E9E95009A0C72 /* Auth */ = {
			isa = PBXGroup;
			children = (
				6B336D68285E9EA6009A0C72 /* LoginViewController.swift */,
				6B336D6A285E9EB2009A0C72 /* SignupViewController.swift */,
			);
			path = Auth;
			sourceTree = "<group>";
		};
		6B39FB9E286FC71100093BE5 /* Subject */ = {
			isa = PBXGroup;
			children = (
				6B39FBA0286FC76600093BE5 /* Add */,
				6B39FB9F286FC71A00093BE5 /* List */,
			);
			path = Subject;
			sourceTree = "<group>";
		};
		6B39FB9F286FC71A00093BE5 /* List */ = {
			isa = PBXGroup;
			children = (
				6B0B692B285D795E00AC8EAE /* SubjectListView.swift */,
				6B0B692D285D797400AC8EAE /* SubjectCell.swift */,
			);
			path = List;
			sourceTree = "<group>";
		};
		6B39FBA0286FC76600093BE5 /* Add */ = {
			isa = PBXGroup;
			children = (
				6BC06FF828669CD100CD89F7 /* SubjecTextView.swift */,
				6BC06FFA2866AB7900CD89F7 /* VocabularyCell.swift */,
			);
			path = Add;
			sourceTree = "<group>";
		};
		6B8D02C5285FFA2B005DA577 /* Utils */ = {
			isa = PBXGroup;
			children = (
				6B8D02C6285FFA52005DA577 /* UIGenerater.swift */,
				6B8D02D528607BCC005DA577 /* DBRef.swift */,
				6B8D02D728607E7E005DA577 /* Convertable.swift */,
			);
			path = Utils;
			sourceTree = "<group>";
		};
		6B8D02C828603A9A005DA577 /* Services */ = {
			isa = PBXGroup;
			children = (
				6B8D02C928603ACE005DA577 /* AuthService.swift */,
				6B8D02D328607B60005DA577 /* UserService.swift */,
			);
			path = Services;
			sourceTree = "<group>";
		};
		6BD6D4282841A7670006A92C = {
			isa = PBXGroup;
			children = (
				6BD6D4332841A7670006A92C /* YourVocabulary */,
				6BD6D4322841A7670006A92C /* Products */,
				BED189060B02C49C250E1CF7 /* Pods */,
				2B393F14A24541796D2AEC5F /* Frameworks */,
			);
			sourceTree = "<group>";
		};
		6BD6D4322841A7670006A92C /* Products */ = {
			isa = PBXGroup;
			children = (
				6BD6D4312841A7670006A92C /* YourVocabulary.app */,
			);
			name = Products;
			sourceTree = "<group>";
		};
		6BD6D4332841A7670006A92C /* YourVocabulary */ = {
			isa = PBXGroup;
			children = (
				6BD6D44D2841A7DF0006A92C /* Controllers */,
				6BD6D44C2841A7DA0006A92C /* Views */,
				6BD6D44B2841A7D40006A92C /* Models */,
				6B0B6926285D78F500AC8EAE /* Extensions */,
				6B8D02C828603A9A005DA577 /* Services */,
				6B8D02C5285FFA2B005DA577 /* Utils */,
				6B0B691E285D785900AC8EAE /* AppConstant.swift */,
				6BD6D4342841A7670006A92C /* AppDelegate.swift */,
				6BD6D4362841A7670006A92C /* SceneDelegate.swift */,
				6BD6D4402841A7670006A92C /* Assets.xcassets */,
				6BD6D4422841A7670006A92C /* LaunchScreen.storyboard */,
				6BD6D4452841A7670006A92C /* Info.plist */,
				6BD6D43D2841A7670006A92C /* YourVocabulary.xcdatamodeld */,
				6B336D65285E9B17009A0C72 /* GoogleService-Info.plist */,
			);
			path = YourVocabulary;
			sourceTree = "<group>";
		};
		6BD6D44B2841A7D40006A92C /* Models */ = {
			isa = PBXGroup;
			children = (
				6B0B692F285D798D00AC8EAE /* SubjectModel.swift */,
				6B8D02CD2860762C005DA577 /* UserModel.swift */,
				6BC06FFE2866AEC300CD89F7 /* VocabularyModel.swift */,
			);
			path = Models;
			sourceTree = "<group>";
		};
		6BD6D44C2841A7DA0006A92C /* Views */ = {
			isa = PBXGroup;
			children = (
				6B39FB9E286FC71100093BE5 /* Subject */,
				6BD6D43A2841A7670006A92C /* Main.storyboard */,
			);
			path = Views;
			sourceTree = "<group>";
		};
		6BD6D44D2841A7DF0006A92C /* Controllers */ = {
			isa = PBXGroup;
			children = (
				6B0B6931285D7B2100AC8EAE /* MainViewController.swift */,
				6BD6D4382841A7670006A92C /* MainTabViewController.swift */,
				6B336D67285E9E95009A0C72 /* Auth */,
				6B0B6920285D788500AC8EAE /* Subject */,
				6B0B6921285D789700AC8EAE /* Setting */,
				6B344DE92869370300619156 /* LoadingViewController.swift */,
			);
			path = Controllers;
			sourceTree = "<group>";
		};
		BED189060B02C49C250E1CF7 /* Pods */ = {
			isa = PBXGroup;
			children = (
				1AB177274AE2A98B630E3486 /* Pods-YourVocabulary.debug.xcconfig */,
				C368ED2EB81A717144311A3D /* Pods-YourVocabulary.release.xcconfig */,
			);
			path = Pods;
			sourceTree = "<group>";
		};
/* End PBXGroup section */

/* Begin PBXNativeTarget section */
		6BD6D4302841A7670006A92C /* YourVocabulary */ = {
			isa = PBXNativeTarget;
			buildConfigurationList = 6BD6D4482841A7670006A92C /* Build configuration list for PBXNativeTarget "YourVocabulary" */;
			buildPhases = (
				1EB74F9740A56B8967FE6A53 /* [CP] Check Pods Manifest.lock */,
				6BD6D42D2841A7670006A92C /* Sources */,
				6BD6D42E2841A7670006A92C /* Frameworks */,
				6BD6D42F2841A7670006A92C /* Resources */,
				C262EF4420BB81D726810D8D /* [CP] Embed Pods Frameworks */,
			);
			buildRules = (
			);
			dependencies = (
			);
			name = YourVocabulary;
			productName = YourVocabulary;
			productReference = 6BD6D4312841A7670006A92C /* YourVocabulary.app */;
			productType = "com.apple.product-type.application";
		};
/* End PBXNativeTarget section */

/* Begin PBXProject section */
		6BD6D4292841A7670006A92C /* Project object */ = {
			isa = PBXProject;
			attributes = {
				BuildIndependentTargetsInParallel = 1;
				LastSwiftUpdateCheck = 1340;
				LastUpgradeCheck = 1340;
				TargetAttributes = {
					6BD6D4302841A7670006A92C = {
						CreatedOnToolsVersion = 13.4;
					};
				};
			};
			buildConfigurationList = 6BD6D42C2841A7670006A92C /* Build configuration list for PBXProject "YourVocabulary" */;
			compatibilityVersion = "Xcode 13.0";
			developmentRegion = en;
			hasScannedForEncodings = 0;
			knownRegions = (
				en,
				Base,
			);
			mainGroup = 6BD6D4282841A7670006A92C;
			productRefGroup = 6BD6D4322841A7670006A92C /* Products */;
			projectDirPath = "";
			projectRoot = "";
			targets = (
				6BD6D4302841A7670006A92C /* YourVocabulary */,
			);
		};
/* End PBXProject section */

/* Begin PBXResourcesBuildPhase section */
		6BD6D42F2841A7670006A92C /* Resources */ = {
			isa = PBXResourcesBuildPhase;
			buildActionMask = 2147483647;
			files = (
				6BD6D4442841A7670006A92C /* LaunchScreen.storyboard in Resources */,
				6B336D66285E9B17009A0C72 /* GoogleService-Info.plist in Resources */,
				6BD6D4412841A7670006A92C /* Assets.xcassets in Resources */,
				6BD6D43C2841A7670006A92C /* Main.storyboard in Resources */,
			);
			runOnlyForDeploymentPostprocessing = 0;
		};
/* End PBXResourcesBuildPhase section */

/* Begin PBXShellScriptBuildPhase section */
		1EB74F9740A56B8967FE6A53 /* [CP] Check Pods Manifest.lock */ = {
			isa = PBXShellScriptBuildPhase;
			buildActionMask = 2147483647;
			files = (
			);
			inputFileListPaths = (
			);
			inputPaths = (
				"${PODS_PODFILE_DIR_PATH}/Podfile.lock",
				"${PODS_ROOT}/Manifest.lock",
			);
			name = "[CP] Check Pods Manifest.lock";
			outputFileListPaths = (
			);
			outputPaths = (
				"$(DERIVED_FILE_DIR)/Pods-YourVocabulary-checkManifestLockResult.txt",
			);
			runOnlyForDeploymentPostprocessing = 0;
			shellPath = /bin/sh;
			shellScript = "diff \"${PODS_PODFILE_DIR_PATH}/Podfile.lock\" \"${PODS_ROOT}/Manifest.lock\" > /dev/null\nif [ $? != 0 ] ; then\n    # print error to STDERR\n    echo \"error: The sandbox is not in sync with the Podfile.lock. Run 'pod install' or update your CocoaPods installation.\" >&2\n    exit 1\nfi\n# This output is used by Xcode 'outputs' to avoid re-running this script phase.\necho \"SUCCESS\" > \"${SCRIPT_OUTPUT_FILE_0}\"\n";
			showEnvVarsInLog = 0;
		};
		C262EF4420BB81D726810D8D /* [CP] Embed Pods Frameworks */ = {
			isa = PBXShellScriptBuildPhase;
			buildActionMask = 2147483647;
			files = (
			);
			inputFileListPaths = (
				"${PODS_ROOT}/Target Support Files/Pods-YourVocabulary/Pods-YourVocabulary-frameworks-${CONFIGURATION}-input-files.xcfilelist",
			);
			name = "[CP] Embed Pods Frameworks";
			outputFileListPaths = (
				"${PODS_ROOT}/Target Support Files/Pods-YourVocabulary/Pods-YourVocabulary-frameworks-${CONFIGURATION}-output-files.xcfilelist",
			);
			runOnlyForDeploymentPostprocessing = 0;
			shellPath = /bin/sh;
			shellScript = "\"${PODS_ROOT}/Target Support Files/Pods-YourVocabulary/Pods-YourVocabulary-frameworks.sh\"\n";
			showEnvVarsInLog = 0;
		};
/* End PBXShellScriptBuildPhase section */

/* Begin PBXSourcesBuildPhase section */
		6BD6D42D2841A7670006A92C /* Sources */ = {
			isa = PBXSourcesBuildPhase;
			buildActionMask = 2147483647;
			files = (
				6B0B6928285D791400AC8EAE /* UIView.swift in Sources */,
				6B0B6932285D7B2100AC8EAE /* MainViewController.swift in Sources */,
				EAC70547286D35400068CAB1 /* UITextField.swift in Sources */,
				6B0B692E285D797400AC8EAE /* SubjectCell.swift in Sources */,
				6B336D6B285E9EB2009A0C72 /* SignupViewController.swift in Sources */,
				6BD6D4392841A7670006A92C /* MainTabViewController.swift in Sources */,
				6BC06FF928669CD100CD89F7 /* SubjecTextView.swift in Sources */,
				6B8D02D628607BCC005DA577 /* DBRef.swift in Sources */,
				6BC06FFB2866AB7900CD89F7 /* VocabularyCell.swift in Sources */,
				6BD6D4352841A7670006A92C /* AppDelegate.swift in Sources */,
				6B0B6930285D798D00AC8EAE /* SubjectModel.swift in Sources */,
				6B8D02CA28603ACE005DA577 /* AuthService.swift in Sources */,
				6B344DEA2869370300619156 /* LoadingViewController.swift in Sources */,
				6B8958A3286297800051EBA5 /* SubjectAddViewController.swift in Sources */,
				6B0B691F285D785900AC8EAE /* AppConstant.swift in Sources */,
				6B0B692A285D792100AC8EAE /* UIColor.swift in Sources */,
				6BD6D43F2841A7670006A92C /* YourVocabulary.xcdatamodeld in Sources */,
				6B0B6923285D78C400AC8EAE /* SubjectViewController.swift in Sources */,
				6BC06FFF2866AEC300CD89F7 /* VocabularyModel.swift in Sources */,
				6B0B692C285D795E00AC8EAE /* SubjectListView.swift in Sources */,
				6B8D02D428607B60005DA577 /* UserService.swift in Sources */,
				6B0B6925285D78D800AC8EAE /* SettingViewController.swift in Sources */,
				6B8D02CE2860762C005DA577 /* UserModel.swift in Sources */,
				6B8D02C7285FFA52005DA577 /* UIGenerater.swift in Sources */,
				6B8D02D828607E7E005DA577 /* Convertable.swift in Sources */,
				6BD6D4372841A7670006A92C /* SceneDelegate.swift in Sources */,
				6B336D69285E9EA6009A0C72 /* LoginViewController.swift in Sources */,
			);
			runOnlyForDeploymentPostprocessing = 0;
		};
/* End PBXSourcesBuildPhase section */

/* Begin PBXVariantGroup section */
		6BD6D43A2841A7670006A92C /* Main.storyboard */ = {
			isa = PBXVariantGroup;
			children = (
				6BD6D43B2841A7670006A92C /* Base */,
			);
			name = Main.storyboard;
			sourceTree = "<group>";
		};
		6BD6D4422841A7670006A92C /* LaunchScreen.storyboard */ = {
			isa = PBXVariantGroup;
			children = (
				6BD6D4432841A7670006A92C /* Base */,
			);
			name = LaunchScreen.storyboard;
			sourceTree = "<group>";
		};
/* End PBXVariantGroup section */

/* Begin XCBuildConfiguration section */
		6BD6D4462841A7670006A92C /* Debug */ = {
			isa = XCBuildConfiguration;
			buildSettings = {
				ALWAYS_SEARCH_USER_PATHS = NO;
				CLANG_ANALYZER_NONNULL = YES;
				CLANG_ANALYZER_NUMBER_OBJECT_CONVERSION = YES_AGGRESSIVE;
				CLANG_CXX_LANGUAGE_STANDARD = "gnu++17";
				CLANG_ENABLE_MODULES = YES;
				CLANG_ENABLE_OBJC_ARC = YES;
				CLANG_ENABLE_OBJC_WEAK = YES;
				CLANG_WARN_BLOCK_CAPTURE_AUTORELEASING = YES;
				CLANG_WARN_BOOL_CONVERSION = YES;
				CLANG_WARN_COMMA = YES;
				CLANG_WARN_CONSTANT_CONVERSION = YES;
				CLANG_WARN_DEPRECATED_OBJC_IMPLEMENTATIONS = YES;
				CLANG_WARN_DIRECT_OBJC_ISA_USAGE = YES_ERROR;
				CLANG_WARN_DOCUMENTATION_COMMENTS = YES;
				CLANG_WARN_EMPTY_BODY = YES;
				CLANG_WARN_ENUM_CONVERSION = YES;
				CLANG_WARN_INFINITE_RECURSION = YES;
				CLANG_WARN_INT_CONVERSION = YES;
				CLANG_WARN_NON_LITERAL_NULL_CONVERSION = YES;
				CLANG_WARN_OBJC_IMPLICIT_RETAIN_SELF = YES;
				CLANG_WARN_OBJC_LITERAL_CONVERSION = YES;
				CLANG_WARN_OBJC_ROOT_CLASS = YES_ERROR;
				CLANG_WARN_QUOTED_INCLUDE_IN_FRAMEWORK_HEADER = YES;
				CLANG_WARN_RANGE_LOOP_ANALYSIS = YES;
				CLANG_WARN_STRICT_PROTOTYPES = YES;
				CLANG_WARN_SUSPICIOUS_MOVE = YES;
				CLANG_WARN_UNGUARDED_AVAILABILITY = YES_AGGRESSIVE;
				CLANG_WARN_UNREACHABLE_CODE = YES;
				CLANG_WARN__DUPLICATE_METHOD_MATCH = YES;
				COPY_PHASE_STRIP = NO;
				DEBUG_INFORMATION_FORMAT = dwarf;
				ENABLE_STRICT_OBJC_MSGSEND = YES;
				ENABLE_TESTABILITY = YES;
				GCC_C_LANGUAGE_STANDARD = gnu11;
				GCC_DYNAMIC_NO_PIC = NO;
				GCC_NO_COMMON_BLOCKS = YES;
				GCC_OPTIMIZATION_LEVEL = 0;
				GCC_PREPROCESSOR_DEFINITIONS = (
					"DEBUG=1",
					"$(inherited)",
				);
				GCC_WARN_64_TO_32_BIT_CONVERSION = YES;
				GCC_WARN_ABOUT_RETURN_TYPE = YES_ERROR;
				GCC_WARN_UNDECLARED_SELECTOR = YES;
				GCC_WARN_UNINITIALIZED_AUTOS = YES_AGGRESSIVE;
				GCC_WARN_UNUSED_FUNCTION = YES;
				GCC_WARN_UNUSED_VARIABLE = YES;
				IPHONEOS_DEPLOYMENT_TARGET = 15.5;
				MTL_ENABLE_DEBUG_INFO = INCLUDE_SOURCE;
				MTL_FAST_MATH = YES;
				ONLY_ACTIVE_ARCH = YES;
				SDKROOT = iphoneos;
				SWIFT_ACTIVE_COMPILATION_CONDITIONS = DEBUG;
				SWIFT_OPTIMIZATION_LEVEL = "-Onone";
			};
			name = Debug;
		};
		6BD6D4472841A7670006A92C /* Release */ = {
			isa = XCBuildConfiguration;
			buildSettings = {
				ALWAYS_SEARCH_USER_PATHS = NO;
				CLANG_ANALYZER_NONNULL = YES;
				CLANG_ANALYZER_NUMBER_OBJECT_CONVERSION = YES_AGGRESSIVE;
				CLANG_CXX_LANGUAGE_STANDARD = "gnu++17";
				CLANG_ENABLE_MODULES = YES;
				CLANG_ENABLE_OBJC_ARC = YES;
				CLANG_ENABLE_OBJC_WEAK = YES;
				CLANG_WARN_BLOCK_CAPTURE_AUTORELEASING = YES;
				CLANG_WARN_BOOL_CONVERSION = YES;
				CLANG_WARN_COMMA = YES;
				CLANG_WARN_CONSTANT_CONVERSION = YES;
				CLANG_WARN_DEPRECATED_OBJC_IMPLEMENTATIONS = YES;
				CLANG_WARN_DIRECT_OBJC_ISA_USAGE = YES_ERROR;
				CLANG_WARN_DOCUMENTATION_COMMENTS = YES;
				CLANG_WARN_EMPTY_BODY = YES;
				CLANG_WARN_ENUM_CONVERSION = YES;
				CLANG_WARN_INFINITE_RECURSION = YES;
				CLANG_WARN_INT_CONVERSION = YES;
				CLANG_WARN_NON_LITERAL_NULL_CONVERSION = YES;
				CLANG_WARN_OBJC_IMPLICIT_RETAIN_SELF = YES;
				CLANG_WARN_OBJC_LITERAL_CONVERSION = YES;
				CLANG_WARN_OBJC_ROOT_CLASS = YES_ERROR;
				CLANG_WARN_QUOTED_INCLUDE_IN_FRAMEWORK_HEADER = YES;
				CLANG_WARN_RANGE_LOOP_ANALYSIS = YES;
				CLANG_WARN_STRICT_PROTOTYPES = YES;
				CLANG_WARN_SUSPICIOUS_MOVE = YES;
				CLANG_WARN_UNGUARDED_AVAILABILITY = YES_AGGRESSIVE;
				CLANG_WARN_UNREACHABLE_CODE = YES;
				CLANG_WARN__DUPLICATE_METHOD_MATCH = YES;
				COPY_PHASE_STRIP = NO;
				DEBUG_INFORMATION_FORMAT = "dwarf-with-dsym";
				ENABLE_NS_ASSERTIONS = NO;
				ENABLE_STRICT_OBJC_MSGSEND = YES;
				GCC_C_LANGUAGE_STANDARD = gnu11;
				GCC_NO_COMMON_BLOCKS = YES;
				GCC_WARN_64_TO_32_BIT_CONVERSION = YES;
				GCC_WARN_ABOUT_RETURN_TYPE = YES_ERROR;
				GCC_WARN_UNDECLARED_SELECTOR = YES;
				GCC_WARN_UNINITIALIZED_AUTOS = YES_AGGRESSIVE;
				GCC_WARN_UNUSED_FUNCTION = YES;
				GCC_WARN_UNUSED_VARIABLE = YES;
				IPHONEOS_DEPLOYMENT_TARGET = 15.5;
				MTL_ENABLE_DEBUG_INFO = NO;
				MTL_FAST_MATH = YES;
				SDKROOT = iphoneos;
				SWIFT_COMPILATION_MODE = wholemodule;
				SWIFT_OPTIMIZATION_LEVEL = "-O";
				VALIDATE_PRODUCT = YES;
			};
			name = Release;
		};
		6BD6D4492841A7670006A92C /* Debug */ = {
			isa = XCBuildConfiguration;
			baseConfigurationReference = 1AB177274AE2A98B630E3486 /* Pods-YourVocabulary.debug.xcconfig */;
			buildSettings = {
				ASSETCATALOG_COMPILER_APPICON_NAME = AppIcon;
				ASSETCATALOG_COMPILER_GLOBAL_ACCENT_COLOR_NAME = AccentColor;
				CODE_SIGN_STYLE = Automatic;
				CURRENT_PROJECT_VERSION = 1;
				DEVELOPMENT_TEAM = 83DEA2E4C5;
				GENERATE_INFOPLIST_FILE = YES;
				INFOPLIST_FILE = YourVocabulary/Info.plist;
				INFOPLIST_KEY_UIApplicationSupportsIndirectInputEvents = YES;
				INFOPLIST_KEY_UILaunchStoryboardName = LaunchScreen;
				INFOPLIST_KEY_UIMainStoryboardFile = Main;
				INFOPLIST_KEY_UISupportedInterfaceOrientations_iPad = "UIInterfaceOrientationPortrait UIInterfaceOrientationPortraitUpsideDown UIInterfaceOrientationLandscapeLeft UIInterfaceOrientationLandscapeRight";
				INFOPLIST_KEY_UISupportedInterfaceOrientations_iPhone = "UIInterfaceOrientationPortrait UIInterfaceOrientationLandscapeLeft UIInterfaceOrientationLandscapeRight";
				IPHONEOS_DEPLOYMENT_TARGET = 14.1;
				LD_RUNPATH_SEARCH_PATHS = (
					"$(inherited)",
					"@executable_path/Frameworks",
				);
				MARKETING_VERSION = 1.0;
				PRODUCT_BUNDLE_IDENTIFIER = com.ivanchen.YourVocabulary;
				PRODUCT_NAME = "$(TARGET_NAME)";
				SWIFT_EMIT_LOC_STRINGS = YES;
				SWIFT_VERSION = 5.0;
				TARGETED_DEVICE_FAMILY = 1;
			};
			name = Debug;
		};
		6BD6D44A2841A7670006A92C /* Release */ = {
			isa = XCBuildConfiguration;
			baseConfigurationReference = C368ED2EB81A717144311A3D /* Pods-YourVocabulary.release.xcconfig */;
			buildSettings = {
				ASSETCATALOG_COMPILER_APPICON_NAME = AppIcon;
				ASSETCATALOG_COMPILER_GLOBAL_ACCENT_COLOR_NAME = AccentColor;
				CODE_SIGN_STYLE = Automatic;
				CURRENT_PROJECT_VERSION = 1;
				DEVELOPMENT_TEAM = 83DEA2E4C5;
				GENERATE_INFOPLIST_FILE = YES;
				INFOPLIST_FILE = YourVocabulary/Info.plist;
				INFOPLIST_KEY_UIApplicationSupportsIndirectInputEvents = YES;
				INFOPLIST_KEY_UILaunchStoryboardName = LaunchScreen;
				INFOPLIST_KEY_UIMainStoryboardFile = Main;
				INFOPLIST_KEY_UISupportedInterfaceOrientations_iPad = "UIInterfaceOrientationPortrait UIInterfaceOrientationPortraitUpsideDown UIInterfaceOrientationLandscapeLeft UIInterfaceOrientationLandscapeRight";
				INFOPLIST_KEY_UISupportedInterfaceOrientations_iPhone = "UIInterfaceOrientationPortrait UIInterfaceOrientationLandscapeLeft UIInterfaceOrientationLandscapeRight";
				IPHONEOS_DEPLOYMENT_TARGET = 14.1;
				LD_RUNPATH_SEARCH_PATHS = (
					"$(inherited)",
					"@executable_path/Frameworks",
				);
				MARKETING_VERSION = 1.0;
				PRODUCT_BUNDLE_IDENTIFIER = com.ivanchen.YourVocabulary;
				PRODUCT_NAME = "$(TARGET_NAME)";
				SWIFT_EMIT_LOC_STRINGS = YES;
				SWIFT_VERSION = 5.0;
				TARGETED_DEVICE_FAMILY = 1;
			};
			name = Release;
		};
/* End XCBuildConfiguration section */

/* Begin XCConfigurationList section */
		6BD6D42C2841A7670006A92C /* Build configuration list for PBXProject "YourVocabulary" */ = {
			isa = XCConfigurationList;
			buildConfigurations = (
				6BD6D4462841A7670006A92C /* Debug */,
				6BD6D4472841A7670006A92C /* Release */,
			);
			defaultConfigurationIsVisible = 0;
			defaultConfigurationName = Release;
		};
		6BD6D4482841A7670006A92C /* Build configuration list for PBXNativeTarget "YourVocabulary" */ = {
			isa = XCConfigurationList;
			buildConfigurations = (
				6BD6D4492841A7670006A92C /* Debug */,
				6BD6D44A2841A7670006A92C /* Release */,
			);
			defaultConfigurationIsVisible = 0;
			defaultConfigurationName = Release;
		};
/* End XCConfigurationList section */

/* Begin XCVersionGroup section */
		6BD6D43D2841A7670006A92C /* YourVocabulary.xcdatamodeld */ = {
			isa = XCVersionGroup;
			children = (
				6BD6D43E2841A7670006A92C /* YourVocabulary.xcdatamodel */,
			);
			currentVersion = 6BD6D43E2841A7670006A92C /* YourVocabulary.xcdatamodel */;
			path = YourVocabulary.xcdatamodeld;
			sourceTree = "<group>";
			versionGroupType = wrapper.xcdatamodel;
		};
/* End XCVersionGroup section */
	};
	rootObject = 6BD6D4292841A7670006A92C /* Project object */;
}
